
Microsoft Visual Studio Solution File, Format Version 14.00
# Visual Studio 2017
VisualStudioVersion = 15.3.26730.16
MinimumVisualStudioVersion = 10.0.40219.1
Project("{FAE04EC0-301F-11D3-BF4B-00C04F79EFBC}") = "ClrSpy", "ClrSpy\ClrSpy.csproj", "{E2111762-9A90-418D-9DAF-5C6563E4ECFE}"
EndProject
Project("{FAE04EC0-301F-11D3-BF4B-00C04F79EFBC}") = "x86Thunk", "x86Thunk\x86Thunk.csproj", "{3BFE8B6E-3C26-494F-9FEB-B71A3E767D2B}"
EndProject
Project("{FAE04EC0-301F-11D3-BF4B-00C04F79EFBC}") = "ClrSpy.UnitTests", "ClrSpy.UnitTests\ClrSpy.UnitTests.csproj", "{C845B5A7-F5D0-4987-9382-CD058908AA8A}"
EndProject
Project("{FAE04EC0-301F-11D3-BF4B-00C04F79EFBC}") = "ClrSpy.UnitTests.HeapAnalysisTarget", "ClrSpy.UnitTests.HeapAnalysisTarget\ClrSpy.UnitTests.HeapAnalysisTarget.csproj", "{6E51E27B-1D89-49E9-A610-3C153BFCA7A9}"
EndProject
Project("{FAE04EC0-301F-11D3-BF4B-00C04F79EFBC}") = "ClrSpy.UnitTests.AsyncTaskTarget", "ClrSpy.UnitTests.AsyncTaskTarget\ClrSpy.UnitTests.AsyncTaskTarget.csproj", "{D49EA359-52EC-458C-8F60-8526CA896AF2}"
EndProject
Global
	GlobalSection(SolutionConfigurationPlatforms) = preSolution
		Debug|Any CPU = Debug|Any CPU
		Release|Any CPU = Release|Any CPU
	EndGlobalSection
	GlobalSection(ProjectConfigurationPlatforms) = postSolution
		{E2111762-9A90-418D-9DAF-5C6563E4ECFE}.Debug|Any CPU.ActiveCfg = Debug|Any CPU
		{E2111762-9A90-418D-9DAF-5C6563E4ECFE}.Debug|Any CPU.Build.0 = Debug|Any CPU
		{E2111762-9A90-418D-9DAF-5C6563E4ECFE}.Release|Any CPU.ActiveCfg = Release|Any CPU
		{E2111762-9A90-418D-9DAF-5C6563E4ECFE}.Release|Any CPU.Build.0 = Release|Any CPU
		{3BFE8B6E-3C26-494F-9FEB-B71A3E767D2B}.Debug|Any CPU.ActiveCfg = Debug|Any CPU
		{3BFE8B6E-3C26-494F-9FEB-B71A3E767D2B}.Debug|Any CPU.Build.0 = Debug|Any CPU
		{3BFE8B6E-3C26-494F-9FEB-B71A3E767D2B}.Release|Any CPU.ActiveCfg = Release|Any CPU
		{3BFE8B6E-3C26-494F-9FEB-B71A3E767D2B}.Release|Any CPU.Build.0 = Release|Any CPU
		{C845B5A7-F5D0-4987-9382-CD058908AA8A}.Debug|Any CPU.ActiveCfg = Debug|Any CPU
		{C845B5A7-F5D0-4987-9382-CD058908AA8A}.Debug|Any CPU.Build.0 = Debug|Any CPU
		{C845B5A7-F5D0-4987-9382-CD058908AA8A}.Release|Any CPU.ActiveCfg = Release|Any CPU
		{C845B5A7-F5D0-4987-9382-CD058908AA8A}.Release|Any CPU.Build.0 = Release|Any CPU
		{6E51E27B-1D89-49E9-A610-3C153BFCA7A9}.Debug|Any CPU.ActiveCfg = Debug|Any CPU
		{6E51E27B-1D89-49E9-A610-3C153BFCA7A9}.Debug|Any CPU.Build.0 = Debug|Any CPU
		{6E51E27B-1D89-49E9-A610-3C153BFCA7A9}.Release|Any CPU.ActiveCfg = Release|Any CPU
		{6E51E27B-1D89-49E9-A610-3C153BFCA7A9}.Release|Any CPU.Build.0 = Release|Any CPU
		{D49EA359-52EC-458C-8F60-8526CA896AF2}.Debug|Any CPU.ActiveCfg = Debug|Any CPU
		{D49EA359-52EC-458C-8F60-8526CA896AF2}.Debug|Any CPU.Build.0 = Debug|Any CPU
		{D49EA359-52EC-458C-8F60-8526CA896AF2}.Release|Any CPU.ActiveCfg = Release|Any CPU
		{D49EA359-52EC-458C-8F60-8526CA896AF2}.Release|Any CPU.Build.0 = Release|Any CPU
	EndGlobalSection
	GlobalSection(SolutionProperties) = preSolution
		HideSolutionNode = FALSE
	EndGlobalSection
EndGlobal
